
Microsoft Visual Studio Solution File, Format Version 12.00
# Visual Studio Version 17
VisualStudioVersion = 17.0.31903.59
MinimumVisualStudioVersion = 10.0.40219.1
Project("{FAE04EC0-301F-11D3-BF4B-00C04F79EFBC}") = "GRPC.Server", "GRPC.Server\GRPC.Server.csproj", "{6208AE46-E1BD-45F0-A9EA-09190F10E349}"
EndProject
Project("{FAE04EC0-301F-11D3-BF4B-00C04F79EFBC}") = "GRPC.Client", "GRPC.Client\GRPC.Client.csproj", "{C5A94170-97B3-4CDF-8BAE-F39CF4E96E99}"
EndProject
Global
	GlobalSection(SolutionConfigurationPlatforms) = preSolution
		Debug|Any CPU = Debug|Any CPU
		Release|Any CPU = Release|Any CPU
	EndGlobalSection
	GlobalSection(ProjectConfigurationPlatforms) = postSolution
		{6208AE46-E1BD-45F0-A9EA-09190F10E349}.Debug|Any CPU.ActiveCfg = Debug|Any CPU
		{6208AE46-E1BD-45F0-A9EA-09190F10E349}.Debug|Any CPU.Build.0 = Debug|Any CPU
		{6208AE46-E1BD-45F0-A9EA-09190F10E349}.Release|Any CPU.ActiveCfg = Release|Any CPU
		{6208AE46-E1BD-45F0-A9EA-09190F10E349}.Release|Any CPU.Build.0 = Release|Any CPU
		{C5A94170-97B3-4CDF-8BAE-F39CF4E96E99}.Debug|Any CPU.ActiveCfg = Debug|Any CPU
		{C5A94170-97B3-4CDF-8BAE-F39CF4E96E99}.Debug|Any CPU.Build.0 = Debug|Any CPU
		{C5A94170-97B3-4CDF-8BAE-F39CF4E96E99}.Release|Any CPU.ActiveCfg = Release|Any CPU
		{C5A94170-97B3-4CDF-8BAE-F39CF4E96E99}.Release|Any CPU.Build.0 = Release|Any CPU
	EndGlobalSection
	GlobalSection(SolutionProperties) = preSolution
		HideSolutionNode = FALSE
	EndGlobalSection
	GlobalSection(ExtensibilityGlobals) = postSolution
		SolutionGuid = {98148E77-C728-4DE0-A20D-480C61BD5157}
	EndGlobalSection
EndGlobal
